
Microsoft Visual Studio Solution File, Format Version 12.00
# Visual Studio Version 16
VisualStudioVersion = 16.0.31424.327
MinimumVisualStudioVersion = 10.0.40219.1
Project("{FAE04EC0-301F-11D3-BF4B-00C04F79EFBC}") = "Data", "Data\Data.csproj", "{91D647DB-D866-472B-957E-AFBF2D99D04B}"
EndProject
Project("{FAE04EC0-301F-11D3-BF4B-00C04F79EFBC}") = "TesteData", "TesteData\TesteData.csproj", "{5D4B37EE-7C6E-4C28-837C-A8A71A8ECC53}"
EndProject
Global
	GlobalSection(SolutionConfigurationPlatforms) = preSolution
		Debug|Any CPU = Debug|Any CPU
		Release|Any CPU = Release|Any CPU
	EndGlobalSection
	GlobalSection(ProjectConfigurationPlatforms) = postSolution
		{91D647DB-D866-472B-957E-AFBF2D99D04B}.Debug|Any CPU.ActiveCfg = Debug|Any CPU
		{91D647DB-D866-472B-957E-AFBF2D99D04B}.Debug|Any CPU.Build.0 = Debug|Any CPU
		{91D647DB-D866-472B-957E-AFBF2D99D04B}.Release|Any CPU.ActiveCfg = Release|Any CPU
		{91D647DB-D866-472B-957E-AFBF2D99D04B}.Release|Any CPU.Build.0 = Release|Any CPU
		{5D4B37EE-7C6E-4C28-837C-A8A71A8ECC53}.Debug|Any CPU.ActiveCfg = Debug|Any CPU
		{5D4B37EE-7C6E-4C28-837C-A8A71A8ECC53}.Debug|Any CPU.Build.0 = Debug|Any CPU
		{5D4B37EE-7C6E-4C28-837C-A8A71A8ECC53}.Release|Any CPU.ActiveCfg = Release|Any CPU
		{5D4B37EE-7C6E-4C28-837C-A8A71A8ECC53}.Release|Any CPU.Build.0 = Release|Any CPU
	EndGlobalSection
	GlobalSection(SolutionProperties) = preSolution
		HideSolutionNode = FALSE
	EndGlobalSection
	GlobalSection(ExtensibilityGlobals) = postSolution
		SolutionGuid = {D245AD6D-A713-46D1-B184-122CE14786F5}
	EndGlobalSection
EndGlobal
